
Microsoft Visual Studio Solution File, Format Version 12.00
# Visual Studio Version 17
VisualStudioVersion = 17.10.35013.160
MinimumVisualStudioVersion = 10.0.40219.1
Project("{FAE04EC0-301F-11D3-BF4B-00C04F79EFBC}") = "jogo-de-batalha", "jogo-de-batalha\jogo-de-batalha.csproj", "{ED9C8F78-3644-42A2-8DC2-7D3E5E556F96}"
EndProject
Global
	GlobalSection(SolutionConfigurationPlatforms) = preSolution
		Debug|Any CPU = Debug|Any CPU
		Release|Any CPU = Release|Any CPU
	EndGlobalSection
	GlobalSection(ProjectConfigurationPlatforms) = postSolution
		{ED9C8F78-3644-42A2-8DC2-7D3E5E556F96}.Debug|Any CPU.ActiveCfg = Debug|Any CPU
		{ED9C8F78-3644-42A2-8DC2-7D3E5E556F96}.Debug|Any CPU.Build.0 = Debug|Any CPU
		{ED9C8F78-3644-42A2-8DC2-7D3E5E556F96}.Release|Any CPU.ActiveCfg = Release|Any CPU
		{ED9C8F78-3644-42A2-8DC2-7D3E5E556F96}.Release|Any CPU.Build.0 = Release|Any CPU
	EndGlobalSection
	GlobalSection(SolutionProperties) = preSolution
		HideSolutionNode = FALSE
	EndGlobalSection
	GlobalSection(ExtensibilityGlobals) = postSolution
		SolutionGuid = {D8B6D903-A06C-4399-AD67-1F7403F8F713}
	EndGlobalSection
EndGlobal
