
Microsoft Visual Studio Solution File, Format Version 12.00
# Visual Studio Version 17
VisualStudioVersion = 17.10.35013.160
MinimumVisualStudioVersion = 10.0.40219.1
Project("{FAE04EC0-301F-11D3-BF4B-00C04F79EFBC}") = "entrega_1", "entrega_1\entrega_1.csproj", "{5FD7A241-6254-439A-8328-93E39FADC673}"
EndProject
Global
	GlobalSection(SolutionConfigurationPlatforms) = preSolution
		Debug|Any CPU = Debug|Any CPU
		Release|Any CPU = Release|Any CPU
	EndGlobalSection
	GlobalSection(ProjectConfigurationPlatforms) = postSolution
		{5FD7A241-6254-439A-8328-93E39FADC673}.Debug|Any CPU.ActiveCfg = Debug|Any CPU
		{5FD7A241-6254-439A-8328-93E39FADC673}.Debug|Any CPU.Build.0 = Debug|Any CPU
		{5FD7A241-6254-439A-8328-93E39FADC673}.Release|Any CPU.ActiveCfg = Release|Any CPU
		{5FD7A241-6254-439A-8328-93E39FADC673}.Release|Any CPU.Build.0 = Release|Any CPU
	EndGlobalSection
	GlobalSection(SolutionProperties) = preSolution
		HideSolutionNode = FALSE
	EndGlobalSection
	GlobalSection(ExtensibilityGlobals) = postSolution
		SolutionGuid = {AD3E9E7C-C1E2-4C20-BE69-E5AB4869912C}
	EndGlobalSection
EndGlobal
